
Microsoft Visual Studio Solution File, Format Version 12.00
Project("{FAE04EC0-301F-11D3-BF4B-00C04F79EFBC}") = "TwitchChatParser.Domain", "TwitchChatParser.Domain\TwitchChatParser.Domain.csproj", "{382AEF1D-235F-4A8F-BAAD-DAB020189220}"
EndProject
Project("{FAE04EC0-301F-11D3-BF4B-00C04F79EFBC}") = "TwitchChatParser.Application", "TwitchChatParser.Application\TwitchChatParser.Application.csproj", "{6FB4D042-4299-4151-9651-BCCD073FA3FA}"
EndProject
Project("{FAE04EC0-301F-11D3-BF4B-00C04F79EFBC}") = "TwitchChatParser.Infrastructure", "TwitchChatParser.Infrastructure\TwitchChatParser.Infrastructure.csproj", "{F2AF0678-8EC8-416A-918D-8A43E6DF7D2E}"
EndProject
Project("{FAE04EC0-301F-11D3-BF4B-00C04F79EFBC}") = "TwitchChatParser.Worker", "TwitchChatParser.Worker\TwitchChatParser.Worker.csproj", "{CCAC39F3-BA38-40C6-B700-3B7C0D26B172}"
EndProject
Global
	GlobalSection(SolutionConfigurationPlatforms) = preSolution
		Debug|Any CPU = Debug|Any CPU
		Release|Any CPU = Release|Any CPU
	EndGlobalSection
	GlobalSection(ProjectConfigurationPlatforms) = postSolution
		{382AEF1D-235F-4A8F-BAAD-DAB020189220}.Debug|Any CPU.ActiveCfg = Debug|Any CPU
		{382AEF1D-235F-4A8F-BAAD-DAB020189220}.Debug|Any CPU.Build.0 = Debug|Any CPU
		{382AEF1D-235F-4A8F-BAAD-DAB020189220}.Release|Any CPU.ActiveCfg = Release|Any CPU
		{382AEF1D-235F-4A8F-BAAD-DAB020189220}.Release|Any CPU.Build.0 = Release|Any CPU
		{6FB4D042-4299-4151-9651-BCCD073FA3FA}.Debug|Any CPU.ActiveCfg = Debug|Any CPU
		{6FB4D042-4299-4151-9651-BCCD073FA3FA}.Debug|Any CPU.Build.0 = Debug|Any CPU
		{6FB4D042-4299-4151-9651-BCCD073FA3FA}.Release|Any CPU.ActiveCfg = Release|Any CPU
		{6FB4D042-4299-4151-9651-BCCD073FA3FA}.Release|Any CPU.Build.0 = Release|Any CPU
		{F2AF0678-8EC8-416A-918D-8A43E6DF7D2E}.Debug|Any CPU.ActiveCfg = Debug|Any CPU
		{F2AF0678-8EC8-416A-918D-8A43E6DF7D2E}.Debug|Any CPU.Build.0 = Debug|Any CPU
		{F2AF0678-8EC8-416A-918D-8A43E6DF7D2E}.Release|Any CPU.ActiveCfg = Release|Any CPU
		{F2AF0678-8EC8-416A-918D-8A43E6DF7D2E}.Release|Any CPU.Build.0 = Release|Any CPU
		{CCAC39F3-BA38-40C6-B700-3B7C0D26B172}.Debug|Any CPU.ActiveCfg = Debug|Any CPU
		{CCAC39F3-BA38-40C6-B700-3B7C0D26B172}.Debug|Any CPU.Build.0 = Debug|Any CPU
		{CCAC39F3-BA38-40C6-B700-3B7C0D26B172}.Release|Any CPU.ActiveCfg = Release|Any CPU
		{CCAC39F3-BA38-40C6-B700-3B7C0D26B172}.Release|Any CPU.Build.0 = Release|Any CPU
	EndGlobalSection
EndGlobal
